<?xml version="1.0" encoding="utf-8"?>
<Project ToolsVersion="4.0" xmlns="http://schemas.microsoft.com/developer/msbuild/2003">
  <ItemGroup>
    <Filter Include="Source Files">
      <UniqueIdentifier>{4FC737F1-C7A5-4376-A066-2A32D752A2FF}</UniqueIdentifier>
      <Extensions>cpp;c;cc;cxx;def;odl;idl;hpj;bat;asm;asmx</Extensions>
    </Filter>
    <Filter Include="Header Files">
      <UniqueIdentifier>{93995380-89BD-4b04-88EB-625FBE52EBFB}</UniqueIdentifier>
      <Extensions>h;hh;hpp;hxx;hm;inl;inc;ipp;xsd</Extensions>
    </Filter>
    <Filter Include="Resource Files">
      <UniqueIdentifier>{67DA6AB6-F800-4c08-8B7A-83BB121AAD01}</UniqueIdentifier>
      <Extensions>rc;ico;cur;bmp;dlg;rc2;rct;bin;rgs;gif;jpg;jpeg;jpe;resx;tiff;tif;png;wav;mfcribbon-ms</Extensions>
    </Filter>
    <Filter Include="Renderer">
      <UniqueIdentifier>{f0bea5f9-adfb-40d4-a279-0821705ad2d0}</UniqueIdentifier>
    </Filter>
    <Filter Include="Messaging">
      <UniqueIdentifier>{2183bd96-9ce0-47ac-bb1a-3127dc087ad9}</UniqueIdentifier>
    </Filter>
    <Filter Include="Input">
      <UniqueIdentifier>{0889c7f3-af0c-458f-a4d6-5f8ece617c1f}</UniqueIdentifier>
    </Filter>
    <Filter Include="Entity">
      <UniqueIdentifier>{de319dcc-e817-4657-a54c-2266ce5f59db}</UniqueIdentifier>
    </Filter>
    <Filter Include="States">
      <UniqueIdentifier>{d7b4d415-ba75-4928-b43a-f64cc4268acb}</UniqueIdentifier>
    </Filter>
    <Filter Include="Commands">
      <UniqueIdentifier>{bac026b1-ebcd-4309-a735-63e021d4b305}</UniqueIdentifier>
    </Filter>
  </ItemGroup>
  <ItemGroup>
    <ClCompile Include="Main.cpp">
      <Filter>Source Files</Filter>
    </ClCompile>
    <ClCompile Include="Game.cpp">
      <Filter>Source Files</Filter>
    </ClCompile>
    <ClCompile Include="Renderer\TextureManager.cpp">
      <Filter>Renderer</Filter>
    </ClCompile>
    <ClCompile Include="Messaging\EventManager.cpp">
      <Filter>Messaging</Filter>
    </ClCompile>
    <ClCompile Include="Settings.cpp">
      <Filter>Source Files</Filter>
    </ClCompile>
    <ClCompile Include="Renderer\FontManager.cpp">
      <Filter>Renderer</Filter>
    </ClCompile>
    <ClCompile Include="Input\InputManager.cpp">
      <Filter>Input</Filter>
    </ClCompile>
    <ClCompile Include="Entity\EntityManager.cpp">
      <Filter>Entity</Filter>
    </ClCompile>
    <ClCompile Include="Entity\Entity.cpp">
      <Filter>Entity</Filter>
    </ClCompile>
    <ClCompile Include="Entity\TextEntity.cpp">
      <Filter>Entity</Filter>
    </ClCompile>
    <ClCompile Include="States\StateManager.cpp">
      <Filter>States</Filter>
    </ClCompile>
    <ClCompile Include="States\MainMenuState.cpp">
      <Filter>States</Filter>
    </ClCompile>
    <ClCompile Include="States\OptionsMenuState.cpp">
      <Filter>States</Filter>
    </ClCompile>
  </ItemGroup>
  <ItemGroup>
    <ClInclude Include="Game.h">
      <Filter>Header Files</Filter>
    </ClInclude>
    <ClInclude Include="Renderer\TextureManager.h">
      <Filter>Renderer</Filter>
    </ClInclude>
    <ClInclude Include="Messaging\IEventListener.h">
      <Filter>Messaging</Filter>
    </ClInclude>
    <ClInclude Include="Messaging\Event.h">
      <Filter>Messaging</Filter>
    </ClInclude>
    <ClInclude Include="Messaging\EventManager.h">
      <Filter>Messaging</Filter>
    </ClInclude>
    <ClInclude Include="Settings.h">
      <Filter>Header Files</Filter>
    </ClInclude>
    <ClInclude Include="Renderer\FontManager.h">
      <Filter>Renderer</Filter>
    </ClInclude>
    <ClInclude Include="Input\InputManager.h">
      <Filter>Input</Filter>
    </ClInclude>
    <ClInclude Include="Entity\EntityManager.h">
      <Filter>Entity</Filter>
    </ClInclude>
    <ClInclude Include="Entity\Entity.h">
      <Filter>Entity</Filter>
    </ClInclude>
    <ClInclude Include="Entity\TextEntity.h">
      <Filter>Entity</Filter>
    </ClInclude>
    <ClInclude Include="States\IState.h">
      <Filter>States</Filter>
    </ClInclude>
    <ClInclude Include="States\StateManager.h">
      <Filter>States</Filter>
    </ClInclude>
    <ClInclude Include="States\MainMenuState.h">
      <Filter>States</Filter>
    </ClInclude>
    <ClInclude Include="Commands\ICommand.h">
      <Filter>Commands</Filter>
    </ClInclude>
    <ClInclude Include="States\OptionsMenuState.h">
      <Filter>States</Filter>
    </ClInclude>
  </ItemGroup>
</Project>